
Microsoft Visual Studio Solution File, Format Version 12.00
# Visual Studio Version 17
VisualStudioVersion = 17.9.34622.214
MinimumVisualStudioVersion = 10.0.40219.1
Project("{FAE04EC0-301F-11D3-BF4B-00C04F79EFBC}") = "10.03.2024_firstapp", "10.03.2024_firstapp.csproj", "{4E76ADBC-B42D-4E91-9D05-D93BB3880055}"
EndProject
Global
	GlobalSection(SolutionConfigurationPlatforms) = preSolution
		Debug|Any CPU = Debug|Any CPU
		Release|Any CPU = Release|Any CPU
	EndGlobalSection
	GlobalSection(ProjectConfigurationPlatforms) = postSolution
		{4E76ADBC-B42D-4E91-9D05-D93BB3880055}.Debug|Any CPU.ActiveCfg = Debug|Any CPU
		{4E76ADBC-B42D-4E91-9D05-D93BB3880055}.Debug|Any CPU.Build.0 = Debug|Any CPU
		{4E76ADBC-B42D-4E91-9D05-D93BB3880055}.Release|Any CPU.ActiveCfg = Release|Any CPU
		{4E76ADBC-B42D-4E91-9D05-D93BB3880055}.Release|Any CPU.Build.0 = Release|Any CPU
	EndGlobalSection
	GlobalSection(SolutionProperties) = preSolution
		HideSolutionNode = FALSE
	EndGlobalSection
	GlobalSection(ExtensibilityGlobals) = postSolution
		SolutionGuid = {C330BA4A-4CD7-4653-836B-E28F88D1867D}
	EndGlobalSection
EndGlobal
